
Microsoft Visual Studio Solution File, Format Version 12.00
# Visual Studio Version 17
VisualStudioVersion = 17.0.31903.59
MinimumVisualStudioVersion = 10.0.40219.1
Project("{FAE04EC0-301F-11D3-BF4B-00C04F79EFBC}") = "TextFilterApplication", "TextFilterApplication\TextFilterApplication.csproj", "{3F4D2674-6836-476F-A1CC-E160707B23B8}"
EndProject
Project("{FAE04EC0-301F-11D3-BF4B-00C04F79EFBC}") = "Services", "Services\Services.csproj", "{B558D2D4-EBEF-4FD4-963F-36F5272D4B69}"
EndProject
Project("{FAE04EC0-301F-11D3-BF4B-00C04F79EFBC}") = "ServiceTests", "ServiceTests\ServiceTests.csproj", "{B493C9C7-189C-4247-A9D6-814FBC8721EA}"
EndProject
Global
	GlobalSection(SolutionConfigurationPlatforms) = preSolution
		Debug|Any CPU = Debug|Any CPU
		Release|Any CPU = Release|Any CPU
	EndGlobalSection
	GlobalSection(ProjectConfigurationPlatforms) = postSolution
		{3F4D2674-6836-476F-A1CC-E160707B23B8}.Debug|Any CPU.ActiveCfg = Debug|Any CPU
		{3F4D2674-6836-476F-A1CC-E160707B23B8}.Debug|Any CPU.Build.0 = Debug|Any CPU
		{3F4D2674-6836-476F-A1CC-E160707B23B8}.Release|Any CPU.ActiveCfg = Release|Any CPU
		{3F4D2674-6836-476F-A1CC-E160707B23B8}.Release|Any CPU.Build.0 = Release|Any CPU
		{B558D2D4-EBEF-4FD4-963F-36F5272D4B69}.Debug|Any CPU.ActiveCfg = Debug|Any CPU
		{B558D2D4-EBEF-4FD4-963F-36F5272D4B69}.Debug|Any CPU.Build.0 = Debug|Any CPU
		{B558D2D4-EBEF-4FD4-963F-36F5272D4B69}.Release|Any CPU.ActiveCfg = Release|Any CPU
		{B558D2D4-EBEF-4FD4-963F-36F5272D4B69}.Release|Any CPU.Build.0 = Release|Any CPU
		{B493C9C7-189C-4247-A9D6-814FBC8721EA}.Debug|Any CPU.ActiveCfg = Debug|Any CPU
		{B493C9C7-189C-4247-A9D6-814FBC8721EA}.Debug|Any CPU.Build.0 = Debug|Any CPU
		{B493C9C7-189C-4247-A9D6-814FBC8721EA}.Release|Any CPU.ActiveCfg = Release|Any CPU
		{B493C9C7-189C-4247-A9D6-814FBC8721EA}.Release|Any CPU.Build.0 = Release|Any CPU
	EndGlobalSection
	GlobalSection(SolutionProperties) = preSolution
		HideSolutionNode = FALSE
	EndGlobalSection
	GlobalSection(ExtensibilityGlobals) = postSolution
		SolutionGuid = {9830F14A-3D84-44FA-9361-7EB0D2EE182F}
	EndGlobalSection
EndGlobal
